
Microsoft Visual Studio Solution File, Format Version 12.00
# Visual Studio Version 17
VisualStudioVersion = 17.3.32929.385
MinimumVisualStudioVersion = 10.0.40219.1
Project("{FAE04EC0-301F-11D3-BF4B-00C04F79EFBC}") = "WindowsAppPractica2", "WindowsAppPractica2\WindowsAppPractica2.csproj", "{BD1B36D5-4F53-4008-B7CC-DE1DD04BCA67}"
EndProject
Global
	GlobalSection(SolutionConfigurationPlatforms) = preSolution
		Debug|Any CPU = Debug|Any CPU
		Release|Any CPU = Release|Any CPU
	EndGlobalSection
	GlobalSection(ProjectConfigurationPlatforms) = postSolution
		{BD1B36D5-4F53-4008-B7CC-DE1DD04BCA67}.Debug|Any CPU.ActiveCfg = Debug|Any CPU
		{BD1B36D5-4F53-4008-B7CC-DE1DD04BCA67}.Debug|Any CPU.Build.0 = Debug|Any CPU
		{BD1B36D5-4F53-4008-B7CC-DE1DD04BCA67}.Release|Any CPU.ActiveCfg = Release|Any CPU
		{BD1B36D5-4F53-4008-B7CC-DE1DD04BCA67}.Release|Any CPU.Build.0 = Release|Any CPU
	EndGlobalSection
	GlobalSection(SolutionProperties) = preSolution
		HideSolutionNode = FALSE
	EndGlobalSection
	GlobalSection(ExtensibilityGlobals) = postSolution
		SolutionGuid = {459A3249-3AF4-4336-B686-9F49472C129E}
	EndGlobalSection
EndGlobal
